// !$*UTF8*$!
{
	archiveVersion = 1;
	classes = {
	};
	objectVersion = 46;
	objects = {

/* Begin PBXBuildFile section */
		D373D6FC1BC28BB300D03BC1 /* addEventViewController.swift in Sources */ = {isa = PBXBuildFile; fileRef = D373D6FB1BC28BB300D03BC1 /* addEventViewController.swift */; };
		D3D8A7611BBE8D5F00C58532 /* AppDelegate.swift in Sources */ = {isa = PBXBuildFile; fileRef = D3D8A7601BBE8D5F00C58532 /* AppDelegate.swift */; };
		D3D8A7641BBE8D5F00C58532 /* SecretSanta.xcdatamodeld in Sources */ = {isa = PBXBuildFile; fileRef = D3D8A7621BBE8D5F00C58532 /* SecretSanta.xcdatamodeld */; };
		D3D8A7661BBE8D5F00C58532 /* ViewController.swift in Sources */ = {isa = PBXBuildFile; fileRef = D3D8A7651BBE8D5F00C58532 /* ViewController.swift */; };
		D3D8A7691BBE8D5F00C58532 /* Main.storyboard in Resources */ = {isa = PBXBuildFile; fileRef = D3D8A7671BBE8D5F00C58532 /* Main.storyboard */; };
		D3D8A76B1BBE8D5F00C58532 /* Images.xcassets in Resources */ = {isa = PBXBuildFile; fileRef = D3D8A76A1BBE8D5F00C58532 /* Images.xcassets */; };
		D3D8A76E1BBE8D5F00C58532 /* LaunchScreen.xib in Resources */ = {isa = PBXBuildFile; fileRef = D3D8A76C1BBE8D5F00C58532 /* LaunchScreen.xib */; };
		D3D8A77A1BBE8D5F00C58532 /* SecretSantaTests.swift in Sources */ = {isa = PBXBuildFile; fileRef = D3D8A7791BBE8D5F00C58532 /* SecretSantaTests.swift */; };
		D3D8A7861BBE92B200C58532 /* theClasses.swift in Sources */ = {isa = PBXBuildFile; fileRef = D3D8A7851BBE92B200C58532 /* theClasses.swift */; };
		D3D8A7891BBE989A00C58532 /* myModel.xcdatamodeld in Sources */ = {isa = PBXBuildFile; fileRef = D3D8A7871BBE989A00C58532 /* myModel.xcdatamodeld */; };
		D3D8A78B1BBE9C1B00C58532 /* EventsTableViewController.swift in Sources */ = {isa = PBXBuildFile; fileRef = D3D8A78A1BBE9C1B00C58532 /* EventsTableViewController.swift */; };
/* End PBXBuildFile section */

/* Begin PBXContainerItemProxy section */
		D3D8A7741BBE8D5F00C58532 /* PBXContainerItemProxy */ = {
			isa = PBXContainerItemProxy;
			containerPortal = D3D8A7531BBE8D5F00C58532 /* Project object */;
			proxyType = 1;
			remoteGlobalIDString = D3D8A75A1BBE8D5F00C58532;
			remoteInfo = SecretSanta;
		};
/* End PBXContainerItemProxy section */

/* Begin PBXFileReference section */
		D373D6FB1BC28BB300D03BC1 /* addEventViewController.swift */ = {isa = PBXFileReference; fileEncoding = 4; lastKnownFileType = sourcecode.swift; path = addEventViewController.swift; sourceTree = "<group>"; };
		D3D8A75B1BBE8D5F00C58532 /* SecretSanta.app */ = {isa = PBXFileReference; explicitFileType = wrapper.application; includeInIndex = 0; path = SecretSanta.app; sourceTree = BUILT_PRODUCTS_DIR; };
		D3D8A75F1BBE8D5F00C58532 /* Info.plist */ = {isa = PBXFileReference; lastKnownFileType = text.plist.xml; path = Info.plist; sourceTree = "<group>"; };
		D3D8A7601BBE8D5F00C58532 /* AppDelegate.swift */ = {isa = PBXFileReference; lastKnownFileType = sourcecode.swift; path = AppDelegate.swift; sourceTree = "<group>"; };
		D3D8A7631BBE8D5F00C58532 /* SecretSanta.xcdatamodel */ = {isa = PBXFileReference; lastKnownFileType = wrapper.xcdatamodel; path = SecretSanta.xcdatamodel; sourceTree = "<group>"; };
		D3D8A7651BBE8D5F00C58532 /* ViewController.swift */ = {isa = PBXFileReference; lastKnownFileType = sourcecode.swift; path = ViewController.swift; sourceTree = "<group>"; };
		D3D8A7681BBE8D5F00C58532 /* Base */ = {isa = PBXFileReference; lastKnownFileType = file.storyboard; name = Base; path = Base.lproj/Main.storyboard; sourceTree = "<group>"; };
		D3D8A76A1BBE8D5F00C58532 /* Images.xcassets */ = {isa = PBXFileReference; lastKnownFileType = folder.assetcatalog; path = Images.xcassets; sourceTree = "<group>"; };
		D3D8A76D1BBE8D5F00C58532 /* Base */ = {isa = PBXFileReference; lastKnownFileType = file.xib; name = Base; path = Base.lproj/LaunchScreen.xib; sourceTree = "<group>"; };
		D3D8A7731BBE8D5F00C58532 /* SecretSantaTests.xctest */ = {isa = PBXFileReference; explicitFileType = wrapper.cfbundle; includeInIndex = 0; path = SecretSantaTests.xctest; sourceTree = BUILT_PRODUCTS_DIR; };
		D3D8A7781BBE8D5F00C58532 /* Info.plist */ = {isa = PBXFileReference; lastKnownFileType = text.plist.xml; path = Info.plist; sourceTree = "<group>"; };
		D3D8A7791BBE8D5F00C58532 /* SecretSantaTests.swift */ = {isa = PBXFileReference; lastKnownFileType = sourcecode.swift; path = SecretSantaTests.swift; sourceTree = "<group>"; };
		D3D8A7851BBE92B200C58532 /* theClasses.swift */ = {isa = PBXFileReference; fileEncoding = 4; lastKnownFileType = sourcecode.swift; path = theClasses.swift; sourceTree = "<group>"; };
		D3D8A7881BBE989A00C58532 /* myModel.xcdatamodel */ = {isa = PBXFileReference; lastKnownFileType = wrapper.xcdatamodel; path = myModel.xcdatamodel; sourceTree = "<group>"; };
		D3D8A78A1BBE9C1B00C58532 /* EventsTableViewController.swift */ = {isa = PBXFileReference; fileEncoding = 4; lastKnownFileType = sourcecode.swift; path = EventsTableViewController.swift; sourceTree = "<group>"; };
/* End PBXFileReference section */

/* Begin PBXFrameworksBuildPhase section */
		D3D8A7581BBE8D5F00C58532 /* Frameworks */ = {
			isa = PBXFrameworksBuildPhase;
			buildActionMask = 2147483647;
			files = (
			);
			runOnlyForDeploymentPostprocessing = 0;
		};
		D3D8A7701BBE8D5F00C58532 /* Frameworks */ = {
			isa = PBXFrameworksBuildPhase;
			buildActionMask = 2147483647;
			files = (
			);
			runOnlyForDeploymentPostprocessing = 0;
		};
/* End PBXFrameworksBuildPhase section */

/* Begin PBXGroup section */
		D3D8A7521BBE8D5F00C58532 = {
			isa = PBXGroup;
			children = (
				D3D8A75D1BBE8D5F00C58532 /* SecretSanta */,
				D3D8A7761BBE8D5F00C58532 /* SecretSantaTests */,
				D3D8A75C1BBE8D5F00C58532 /* Products */,
			);
			sourceTree = "<group>";
		};
		D3D8A75C1BBE8D5F00C58532 /* Products */ = {
			isa = PBXGroup;
			children = (
				D3D8A75B1BBE8D5F00C58532 /* SecretSanta.app */,
				D3D8A7731BBE8D5F00C58532 /* SecretSantaTests.xctest */,
			);
			name = Products;
			sourceTree = "<group>";
		};
		D3D8A75D1BBE8D5F00C58532 /* SecretSanta */ = {
			isa = PBXGroup;
			children = (
				D3D8A7601BBE8D5F00C58532 /* AppDelegate.swift */,
				D3D8A7651BBE8D5F00C58532 /* ViewController.swift */,
				D3D8A7671BBE8D5F00C58532 /* Main.storyboard */,
				D3D8A76A1BBE8D5F00C58532 /* Images.xcassets */,
				D3D8A76C1BBE8D5F00C58532 /* LaunchScreen.xib */,
				D3D8A7621BBE8D5F00C58532 /* SecretSanta.xcdatamodeld */,
				D3D8A75E1BBE8D5F00C58532 /* Supporting Files */,
				D3D8A7851BBE92B200C58532 /* theClasses.swift */,
				D3D8A7871BBE989A00C58532 /* myModel.xcdatamodeld */,
				D3D8A78A1BBE9C1B00C58532 /* EventsTableViewController.swift */,
				D373D6FB1BC28BB300D03BC1 /* addEventViewController.swift */,
			);
			path = SecretSanta;
			sourceTree = "<group>";
		};
		D3D8A75E1BBE8D5F00C58532 /* Supporting Files */ = {
			isa = PBXGroup;
			children = (
				D3D8A75F1BBE8D5F00C58532 /* Info.plist */,
			);
			name = "Supporting Files";
			sourceTree = "<group>";
		};
		D3D8A7761BBE8D5F00C58532 /* SecretSantaTests */ = {
			isa = PBXGroup;
			children = (
				D3D8A7791BBE8D5F00C58532 /* SecretSantaTests.swift */,
				D3D8A7771BBE8D5F00C58532 /* Supporting Files */,
			);
			path = SecretSantaTests;
			sourceTree = "<group>";
		};
		D3D8A7771BBE8D5F00C58532 /* Supporting Files */ = {
			isa = PBXGroup;
			children = (
				D3D8A7781BBE8D5F00C58532 /* Info.plist */,
			);
			name = "Supporting Files";
			sourceTree = "<group>";
		};
/* End PBXGroup section */

/* Begin PBXNativeTarget section */
		D3D8A75A1BBE8D5F00C58532 /* SecretSanta */ = {
			isa = PBXNativeTarget;
			buildConfigurationList = D3D8A77D1BBE8D5F00C58532 /* Build configuration list for PBXNativeTarget "SecretSanta" */;
			buildPhases = (
				D3D8A7571BBE8D5F00C58532 /* Sources */,
				D3D8A7581BBE8D5F00C58532 /* Frameworks */,
				D3D8A7591BBE8D5F00C58532 /* Resources */,
			);
			buildRules = (
			);
			dependencies = (
			);
			name = SecretSanta;
			productName = SecretSanta;
			productReference = D3D8A75B1BBE8D5F00C58532 /* SecretSanta.app */;
			productType = "com.apple.product-type.application";
		};
		D3D8A7721BBE8D5F00C58532 /* SecretSantaTests */ = {
			isa = PBXNativeTarget;
			buildConfigurationList = D3D8A7801BBE8D5F00C58532 /* Build configuration list for PBXNativeTarget "SecretSantaTests" */;
			buildPhases = (
				D3D8A76F1BBE8D5F00C58532 /* Sources */,
				D3D8A7701BBE8D5F00C58532 /* Frameworks */,
				D3D8A7711BBE8D5F00C58532 /* Resources */,
			);
			buildRules = (
			);
			dependencies = (
				D3D8A7751BBE8D5F00C58532 /* PBXTargetDependency */,
			);
			name = SecretSantaTests;
			productName = SecretSantaTests;
			productReference = D3D8A7731BBE8D5F00C58532 /* SecretSantaTests.xctest */;
			productType = "com.apple.product-type.bundle.unit-test";
		};
/* End PBXNativeTarget section */

/* Begin PBXProject section */
		D3D8A7531BBE8D5F00C58532 /* Project object */ = {
			isa = PBXProject;
			attributes = {
				LastUpgradeCheck = 0640;
				ORGANIZATIONNAME = "Joenabie M Gamao";
				TargetAttributes = {
					D3D8A75A1BBE8D5F00C58532 = {
						CreatedOnToolsVersion = 6.4;
					};
					D3D8A7721BBE8D5F00C58532 = {
						CreatedOnToolsVersion = 6.4;
						TestTargetID = D3D8A75A1BBE8D5F00C58532;
					};
				};
			};
			buildConfigurationList = D3D8A7561BBE8D5F00C58532 /* Build configuration list for PBXProject "SecretSanta" */;
			compatibilityVersion = "Xcode 3.2";
			developmentRegion = English;
			hasScannedForEncodings = 0;
			knownRegions = (
				en,
				Base,
			);
			mainGroup = D3D8A7521BBE8D5F00C58532;
			productRefGroup = D3D8A75C1BBE8D5F00C58532 /* Products */;
			projectDirPath = "";
			projectRoot = "";
			targets = (
				D3D8A75A1BBE8D5F00C58532 /* SecretSanta */,
				D3D8A7721BBE8D5F00C58532 /* SecretSantaTests */,
			);
		};
/* End PBXProject section */

/* Begin PBXResourcesBuildPhase section */
		D3D8A7591BBE8D5F00C58532 /* Resources */ = {
			isa = PBXResourcesBuildPhase;
			buildActionMask = 2147483647;
			files = (
				D3D8A7691BBE8D5F00C58532 /* Main.storyboard in Resources */,
				D3D8A76E1BBE8D5F00C58532 /* LaunchScreen.xib in Resources */,
				D3D8A76B1BBE8D5F00C58532 /* Images.xcassets in Resources */,
			);
			runOnlyForDeploymentPostprocessing = 0;
		};
		D3D8A7711BBE8D5F00C58532 /* Resources */ = {
			isa = PBXResourcesBuildPhase;
			buildActionMask = 2147483647;
			files = (
			);
			runOnlyForDeploymentPostprocessing = 0;
		};
/* End PBXResourcesBuildPhase section */

/* Begin PBXSourcesBuildPhase section */
		D3D8A7571BBE8D5F00C58532 /* Sources */ = {
			isa = PBXSourcesBuildPhase;
			buildActionMask = 2147483647;
			files = (
				D3D8A7861BBE92B200C58532 /* theClasses.swift in Sources */,
				D3D8A7661BBE8D5F00C58532 /* ViewController.swift in Sources */,
				D3D8A78B1BBE9C1B00C58532 /* EventsTableViewController.swift in Sources */,
				D373D6FC1BC28BB300D03BC1 /* addEventViewController.swift in Sources */,
				D3D8A7611BBE8D5F00C58532 /* AppDelegate.swift in Sources */,
				D3D8A7891BBE989A00C58532 /* myModel.xcdatamodeld in Sources */,
				D3D8A7641BBE8D5F00C58532 /* SecretSanta.xcdatamodeld in Sources */,
			);
			runOnlyForDeploymentPostprocessing = 0;
		};
		D3D8A76F1BBE8D5F00C58532 /* Sources */ = {
			isa = PBXSourcesBuildPhase;
			buildActionMask = 2147483647;
			files = (
				D3D8A77A1BBE8D5F00C58532 /* SecretSantaTests.swift in Sources */,
			);
			runOnlyForDeploymentPostprocessing = 0;
		};
/* End PBXSourcesBuildPhase section */

/* Begin PBXTargetDependency section */
		D3D8A7751BBE8D5F00C58532 /* PBXTargetDependency */ = {
			isa = PBXTargetDependency;
			target = D3D8A75A1BBE8D5F00C58532 /* SecretSanta */;
			targetProxy = D3D8A7741BBE8D5F00C58532 /* PBXContainerItemProxy */;
		};
/* End PBXTargetDependency section */

/* Begin PBXVariantGroup section */
		D3D8A7671BBE8D5F00C58532 /* Main.storyboard */ = {
			isa = PBXVariantGroup;
			children = (
				D3D8A7681BBE8D5F00C58532 /* Base */,
			);
			name = Main.storyboard;
			sourceTree = "<group>";
		};
		D3D8A76C1BBE8D5F00C58532 /* LaunchScreen.xib */ = {
			isa = PBXVariantGroup;
			children = (
				D3D8A76D1BBE8D5F00C58532 /* Base */,
			);
			name = LaunchScreen.xib;
			sourceTree = "<group>";
		};
/* End PBXVariantGroup section */

/* Begin XCBuildConfiguration section */
		D3D8A77B1BBE8D5F00C58532 /* Debug */ = {
			isa = XCBuildConfiguration;
			buildSettings = {
				ALWAYS_SEARCH_USER_PATHS = NO;
				CLANG_CXX_LANGUAGE_STANDARD = "gnu++0x";
				CLANG_CXX_LIBRARY = "libc++";
				CLANG_ENABLE_MODULES = YES;
				CLANG_ENABLE_OBJC_ARC = YES;
				CLANG_WARN_BOOL_CONVERSION = YES;
				CLANG_WARN_CONSTANT_CONVERSION = YES;
				CLANG_WARN_DIRECT_OBJC_ISA_USAGE = YES_ERROR;
				CLANG_WARN_EMPTY_BODY = YES;
				CLANG_WARN_ENUM_CONVERSION = YES;
				CLANG_WARN_INT_CONVERSION = YES;
				CLANG_WARN_OBJC_ROOT_CLASS = YES_ERROR;
				CLANG_WARN_UNREACHABLE_CODE = YES;
				CLANG_WARN__DUPLICATE_METHOD_MATCH = YES;
				"CODE_SIGN_IDENTITY[sdk=iphoneos*]" = "iPhone Developer";
				COPY_PHASE_STRIP = NO;
				DEBUG_INFORMATION_FORMAT = "dwarf-with-dsym";
				ENABLE_STRICT_OBJC_MSGSEND = YES;
				GCC_C_LANGUAGE_STANDARD = gnu99;
				GCC_DYNAMIC_NO_PIC = NO;
				GCC_NO_COMMON_BLOCKS = YES;
				GCC_OPTIMIZATION_LEVEL = 0;
				GCC_PREPROCESSOR_DEFINITIONS = (
					"DEBUG=1",
					"$(inherited)",
				);
				GCC_SYMBOLS_PRIVATE_EXTERN = NO;
				GCC_WARN_64_TO_32_BIT_CONVERSION = YES;
				GCC_WARN_ABOUT_RETURN_TYPE = YES_ERROR;
				GCC_WARN_UNDECLARED_SELECTOR = YES;
				GCC_WARN_UNINITIALIZED_AUTOS = YES_AGGRESSIVE;
				GCC_WARN_UNUSED_FUNCTION = YES;
				GCC_WARN_UNUSED_VARIABLE = YES;
				IPHONEOS_DEPLOYMENT_TARGET = 8.4;
				MTL_ENABLE_DEBUG_INFO = YES;
				ONLY_ACTIVE_ARCH = YES;
				SDKROOT = iphoneos;
				SWIFT_OPTIMIZATION_LEVEL = "-Onone";
				TARGETED_DEVICE_FAMILY = "1,2";
			};
			name = Debug;
		};
		D3D8A77C1BBE8D5F00C58532 /* Release */ = {
			isa = XCBuildConfiguration;
			buildSettings = {
				ALWAYS_SEARCH_USER_PATHS = NO;
				CLANG_CXX_LANGUAGE_STANDARD = "gnu++0x";
				CLANG_CXX_LIBRARY = "libc++";
				CLANG_ENABLE_MODULES = YES;
				CLANG_ENABLE_OBJC_ARC = YES;
				CLANG_WARN_BOOL_CONVERSION = YES;
				CLANG_WARN_CONSTANT_CONVERSION = YES;
				CLANG_WARN_DIRECT_OBJC_ISA_USAGE = YES_ERROR;
				CLANG_WARN_EMPTY_BODY = YES;
				CLANG_WARN_ENUM_CONVERSION = YES;
				CLANG_WARN_INT_CONVERSION = YES;
				CLANG_WARN_OBJC_ROOT_CLASS = YES_ERROR;
				CLANG_WARN_UNREACHABLE_CODE = YES;
				CLANG_WARN__DUPLICATE_METHOD_MATCH = YES;
				"CODE_SIGN_IDENTITY[sdk=iphoneos*]" = "iPhone Developer";
				COPY_PHASE_STRIP = NO;
				DEBUG_INFORMATION_FORMAT = "dwarf-with-dsym";
				ENABLE_NS_ASSERTIONS = NO;
				ENABLE_STRICT_OBJC_MSGSEND = YES;
				GCC_C_LANGUAGE_STANDARD = gnu99;
				GCC_NO_COMMON_BLOCKS = YES;
				GCC_WARN_64_TO_32_BIT_CONVERSION = YES;
				GCC_WARN_ABOUT_RETURN_TYPE = YES_ERROR;
				GCC_WARN_UNDECLARED_SELECTOR = YES;
				GCC_WARN_UNINITIALIZED_AUTOS = YES_AGGRESSIVE;
				GCC_WARN_UNUSED_FUNCTION = YES;
				GCC_WARN_UNUSED_VARIABLE = YES;
				IPHONEOS_DEPLOYMENT_TARGET = 8.4;
				MTL_ENABLE_DEBUG_INFO = NO;
				SDKROOT = iphoneos;
				TARGETED_DEVICE_FAMILY = "1,2";
				VALIDATE_PRODUCT = YES;
			};
			name = Release;
		};
		D3D8A77E1BBE8D5F00C58532 /* Debug */ = {
			isa = XCBuildConfiguration;
			buildSettings = {
				ASSETCATALOG_COMPILER_APPICON_NAME = AppIcon;
				INFOPLIST_FILE = SecretSanta/Info.plist;
				LD_RUNPATH_SEARCH_PATHS = "$(inherited) @executable_path/Frameworks";
				PRODUCT_NAME = "$(TARGET_NAME)";
			};
			name = Debug;
		};
		D3D8A77F1BBE8D5F00C58532 /* Release */ = {
			isa = XCBuildConfiguration;
			buildSettings = {
				ASSETCATALOG_COMPILER_APPICON_NAME = AppIcon;
				INFOPLIST_FILE = SecretSanta/Info.plist;
				LD_RUNPATH_SEARCH_PATHS = "$(inherited) @executable_path/Frameworks";
				PRODUCT_NAME = "$(TARGET_NAME)";
			};
			name = Release;
		};
		D3D8A7811BBE8D5F00C58532 /* Debug */ = {
			isa = XCBuildConfiguration;
			buildSettings = {
				BUNDLE_LOADER = "$(TEST_HOST)";
				FRAMEWORK_SEARCH_PATHS = (
					"$(SDKROOT)/Developer/Library/Frameworks",
					"$(inherited)",
				);
				GCC_PREPROCESSOR_DEFINITIONS = (
					"DEBUG=1",
					"$(inherited)",
				);
				INFOPLIST_FILE = SecretSantaTests/Info.plist;
				LD_RUNPATH_SEARCH_PATHS = "$(inherited) @executable_path/Frameworks @loader_path/Frameworks";
				PRODUCT_NAME = "$(TARGET_NAME)";
				TEST_HOST = "$(BUILT_PRODUCTS_DIR)/SecretSanta.app/SecretSanta";
			};
			name = Debug;
		};
		D3D8A7821BBE8D5F00C58532 /* Release */ = {
			isa = XCBuildConfiguration;
			buildSettings = {
				BUNDLE_LOADER = "$(TEST_HOST)";
				FRAMEWORK_SEARCH_PATHS = (
					"$(SDKROOT)/Developer/Library/Frameworks",
					"$(inherited)",
				);
				INFOPLIST_FILE = SecretSantaTests/Info.plist;
				LD_RUNPATH_SEARCH_PATHS = "$(inherited) @executable_path/Frameworks @loader_path/Frameworks";
				PRODUCT_NAME = "$(TARGET_NAME)";
				TEST_HOST = "$(BUILT_PRODUCTS_DIR)/SecretSanta.app/SecretSanta";
			};
			name = Release;
		};
/* End XCBuildConfiguration section */

/* Begin XCConfigurationList section */
		D3D8A7561BBE8D5F00C58532 /* Build configuration list for PBXProject "SecretSanta" */ = {
			isa = XCConfigurationList;
			buildConfigurations = (
				D3D8A77B1BBE8D5F00C58532 /* Debug */,
				D3D8A77C1BBE8D5F00C58532 /* Release */,
			);
			defaultConfigurationIsVisible = 0;
			defaultConfigurationName = Release;
		};
		D3D8A77D1BBE8D5F00C58532 /* Build configuration list for PBXNativeTarget "SecretSanta" */ = {
			isa = XCConfigurationList;
			buildConfigurations = (
				D3D8A77E1BBE8D5F00C58532 /* Debug */,
				D3D8A77F1BBE8D5F00C58532 /* Release */,
			);
			defaultConfigurationIsVisible = 0;
			defaultConfigurationName = Release;
		};
		D3D8A7801BBE8D5F00C58532 /* Build configuration list for PBXNativeTarget "SecretSantaTests" */ = {
			isa = XCConfigurationList;
			buildConfigurations = (
				D3D8A7811BBE8D5F00C58532 /* Debug */,
				D3D8A7821BBE8D5F00C58532 /* Release */,
			);
			defaultConfigurationIsVisible = 0;
			defaultConfigurationName = Release;
		};
/* End XCConfigurationList section */

/* Begin XCVersionGroup section */
		D3D8A7621BBE8D5F00C58532 /* SecretSanta.xcdatamodeld */ = {
			isa = XCVersionGroup;
			children = (
				D3D8A7631BBE8D5F00C58532 /* SecretSanta.xcdatamodel */,
			);
			currentVersion = D3D8A7631BBE8D5F00C58532 /* SecretSanta.xcdatamodel */;
			path = SecretSanta.xcdatamodeld;
			sourceTree = "<group>";
			versionGroupType = wrapper.xcdatamodel;
		};
		D3D8A7871BBE989A00C58532 /* myModel.xcdatamodeld */ = {
			isa = XCVersionGroup;
			children = (
				D3D8A7881BBE989A00C58532 /* myModel.xcdatamodel */,
			);
			currentVersion = D3D8A7881BBE989A00C58532 /* myModel.xcdatamodel */;
			path = myModel.xcdatamodeld;
			sourceTree = "<group>";
			versionGroupType = wrapper.xcdatamodel;
		};
/* End XCVersionGroup section */
	};
	rootObject = D3D8A7531BBE8D5F00C58532 /* Project object */;
}
